// !$*UTF8*$!
{
	archiveVersion = 1;
	classes = {
	};
	objectVersion = 46;
	objects = {

/* Begin PBXBuildFile section */
		422D8125127753330051F278 /* util.cpp in Sources */ = {isa = PBXBuildFile; fileRef = 422D8124127753330051F278 /* util.cpp */; };
		422D86F61279CBF00051F278 /* BrainDotPrinter.cpp in Sources */ = {isa = PBXBuildFile; fileRef = 422D86F51279CBF00051F278 /* BrainDotPrinter.cpp */; };
		425CCD2B127075ED0025F51D /* BulletCollision.framework in Frameworks */ = {isa = PBXBuildFile; fileRef = 425CCD2A127075ED0025F51D /* BulletCollision.framework */; };
		425CCD2D127075ED0025F51D /* BulletDynamics.framework in Frameworks */ = {isa = PBXBuildFile; fileRef = 425CCD2C127075ED0025F51D /* BulletDynamics.framework */; };
		425CCD2F127075ED0025F51D /* LinearMath.framework in Frameworks */ = {isa = PBXBuildFile; fileRef = 425CCD2E127075ED0025F51D /* LinearMath.framework */; };
		425CCE67127089A90025F51D /* 2d.cpp in Sources */ = {isa = PBXBuildFile; fileRef = 425CCE66127089A90025F51D /* 2d.cpp */; };
		425CCE7812708B8E0025F51D /* Brain.cpp in Sources */ = {isa = PBXBuildFile; fileRef = 425CCE7712708B8E0025F51D /* Brain.cpp */; };
		425CCE7F12708BFC0025F51D /* Pendulum.cpp in Sources */ = {isa = PBXBuildFile; fileRef = 425CCE7E12708BFC0025F51D /* Pendulum.cpp */; };
		42740F961281C414008FD575 /* DemoApplication.cpp in Sources */ = {isa = PBXBuildFile; fileRef = 42740F7F1281C414008FD575 /* DemoApplication.cpp */; };
		42740F971281C414008FD575 /* GL_DialogDynamicsWorld.cpp in Sources */ = {isa = PBXBuildFile; fileRef = 42740F811281C414008FD575 /* GL_DialogDynamicsWorld.cpp */; };
		42740F981281C414008FD575 /* GL_DialogWindow.cpp in Sources */ = {isa = PBXBuildFile; fileRef = 42740F831281C414008FD575 /* GL_DialogWindow.cpp */; };
		42740F991281C414008FD575 /* GL_ShapeDrawer.cpp in Sources */ = {isa = PBXBuildFile; fileRef = 42740F851281C414008FD575 /* GL_ShapeDrawer.cpp */; };
		42740F9A1281C414008FD575 /* GL_Simplex1to4.cpp in Sources */ = {isa = PBXBuildFile; fileRef = 42740F871281C414008FD575 /* GL_Simplex1to4.cpp */; };
		42740F9B1281C414008FD575 /* GLDebugDrawer.cpp in Sources */ = {isa = PBXBuildFile; fileRef = 42740F891281C414008FD575 /* GLDebugDrawer.cpp */; };
		42740F9C1281C414008FD575 /* GLDebugFont.cpp in Sources */ = {isa = PBXBuildFile; fileRef = 42740F8B1281C414008FD575 /* GLDebugFont.cpp */; };
		42740F9D1281C414008FD575 /* GlutDemoApplication.cpp in Sources */ = {isa = PBXBuildFile; fileRef = 42740F8D1281C414008FD575 /* GlutDemoApplication.cpp */; };
		42740F9E1281C414008FD575 /* GlutStuff.cpp in Sources */ = {isa = PBXBuildFile; fileRef = 42740F8F1281C414008FD575 /* GlutStuff.cpp */; };
		42740F9F1281C414008FD575 /* RenderTexture.cpp in Sources */ = {isa = PBXBuildFile; fileRef = 42740F911281C414008FD575 /* RenderTexture.cpp */; };
		42740FA01281C414008FD575 /* Win32AppMain.cpp in Sources */ = {isa = PBXBuildFile; fileRef = 42740F931281C414008FD575 /* Win32AppMain.cpp */; };
		42740FA11281C414008FD575 /* Win32DemoApplication.cpp in Sources */ = {isa = PBXBuildFile; fileRef = 42740F941281C414008FD575 /* Win32DemoApplication.cpp */; };
		42740FE11281C738008FD575 /* GLUT.framework in Frameworks */ = {isa = PBXBuildFile; fileRef = 42740FE01281C738008FD575 /* GLUT.framework */; };
		42740FE31281C738008FD575 /* OpenGL.framework in Frameworks */ = {isa = PBXBuildFile; fileRef = 42740FE21281C738008FD575 /* OpenGL.framework */; };
		428E8ECE12721AD300D9347D /* ga.cpp in Sources */ = {isa = PBXBuildFile; fileRef = 428E8ECD12721AD300D9347D /* ga.cpp */; };
		42B34D20126CD5CC009BCB90 /* MawWorld.cpp in Sources */ = {isa = PBXBuildFile; fileRef = 42B34D1F126CD5CC009BCB90 /* MawWorld.cpp */; };
		42C33C2A12B80C3E00EDB692 /* Unicycle.cpp in Sources */ = {isa = PBXBuildFile; fileRef = 42C33C2912B80C3E00EDB692 /* Unicycle.cpp */; };
		8DD76F650486A84900D96B5E /* maw.cpp in Sources */ = {isa = PBXBuildFile; fileRef = 08FB7796FE84155DC02AAC07 /* maw.cpp */; settings = {ATTRIBUTES = (); }; };
/* End PBXBuildFile section */

/* Begin PBXCopyFilesBuildPhase section */
		8DD76F690486A84900D96B5E /* CopyFiles */ = {
			isa = PBXCopyFilesBuildPhase;
			buildActionMask = 8;
			dstPath = /usr/share/man/man1/;
			dstSubfolderSpec = 0;
			files = (
			);
			runOnlyForDeploymentPostprocessing = 1;
		};
/* End PBXCopyFilesBuildPhase section */

/* Begin PBXFileReference section */
		08FB7796FE84155DC02AAC07 /* maw.cpp */ = {isa = PBXFileReference; fileEncoding = 4; lastKnownFileType = sourcecode.cpp.cpp; path = maw.cpp; sourceTree = "<group>"; };
		422D8124127753330051F278 /* util.cpp */ = {isa = PBXFileReference; fileEncoding = 4; lastKnownFileType = sourcecode.cpp.cpp; path = util.cpp; sourceTree = "<group>"; };
		422D86F41279CBF00051F278 /* BrainDotPrinter.h */ = {isa = PBXFileReference; fileEncoding = 4; lastKnownFileType = sourcecode.c.h; path = BrainDotPrinter.h; sourceTree = "<group>"; };
		422D86F51279CBF00051F278 /* BrainDotPrinter.cpp */ = {isa = PBXFileReference; fileEncoding = 4; lastKnownFileType = sourcecode.cpp.cpp; path = BrainDotPrinter.cpp; sourceTree = "<group>"; };
		425CCD2A127075ED0025F51D /* BulletCollision.framework */ = {isa = PBXFileReference; lastKnownFileType = wrapper.framework; name = BulletCollision.framework; path = Library/Frameworks/BulletCollision.framework; sourceTree = SDKROOT; };
		425CCD2C127075ED0025F51D /* BulletDynamics.framework */ = {isa = PBXFileReference; lastKnownFileType = wrapper.framework; name = BulletDynamics.framework; path = Library/Frameworks/BulletDynamics.framework; sourceTree = SDKROOT; };
		425CCD2E127075ED0025F51D /* LinearMath.framework */ = {isa = PBXFileReference; lastKnownFileType = wrapper.framework; name = LinearMath.framework; path = Library/Frameworks/LinearMath.framework; sourceTree = SDKROOT; };
		425CCE5D127089620025F51D /* 2d */ = {isa = PBXFileReference; explicitFileType = "compiled.mach-o.executable"; includeInIndex = 0; path = 2d; sourceTree = BUILT_PRODUCTS_DIR; };
		425CCE66127089A90025F51D /* 2d.cpp */ = {isa = PBXFileReference; fileEncoding = 4; lastKnownFileType = sourcecode.cpp.cpp; path = 2d.cpp; sourceTree = "<group>"; };
		425CCE7612708B8E0025F51D /* Brain.h */ = {isa = PBXFileReference; fileEncoding = 4; lastKnownFileType = sourcecode.c.h; path = Brain.h; sourceTree = "<group>"; };
		425CCE7712708B8E0025F51D /* Brain.cpp */ = {isa = PBXFileReference; fileEncoding = 4; lastKnownFileType = sourcecode.cpp.cpp; path = Brain.cpp; sourceTree = "<group>"; };
		425CCE7D12708BFC0025F51D /* Pendulum.h */ = {isa = PBXFileReference; fileEncoding = 4; lastKnownFileType = sourcecode.c.h; path = Pendulum.h; sourceTree = "<group>"; };
		425CCE7E12708BFC0025F51D /* Pendulum.cpp */ = {isa = PBXFileReference; fileEncoding = 4; lastKnownFileType = sourcecode.cpp.cpp; path = Pendulum.cpp; sourceTree = "<group>"; };
		42740F7D1281C414008FD575 /* CMakeLists.txt */ = {isa = PBXFileReference; fileEncoding = 4; lastKnownFileType = text; path = CMakeLists.txt; sourceTree = "<group>"; };
		42740F7E1281C414008FD575 /* DebugCastResult.h */ = {isa = PBXFileReference; fileEncoding = 4; lastKnownFileType = sourcecode.c.h; path = DebugCastResult.h; sourceTree = "<group>"; };
		42740F7F1281C414008FD575 /* DemoApplication.cpp */ = {isa = PBXFileReference; fileEncoding = 4; lastKnownFileType = sourcecode.cpp.cpp; path = DemoApplication.cpp; sourceTree = "<group>"; };
		42740F801281C414008FD575 /* DemoApplication.h */ = {isa = PBXFileReference; fileEncoding = 4; lastKnownFileType = sourcecode.c.h; path = DemoApplication.h; sourceTree = "<group>"; };
		42740F811281C414008FD575 /* GL_DialogDynamicsWorld.cpp */ = {isa = PBXFileReference; fileEncoding = 4; lastKnownFileType = sourcecode.cpp.cpp; path = GL_DialogDynamicsWorld.cpp; sourceTree = "<group>"; };
		42740F821281C414008FD575 /* GL_DialogDynamicsWorld.h */ = {isa = PBXFileReference; fileEncoding = 4; lastKnownFileType = sourcecode.c.h; path = GL_DialogDynamicsWorld.h; sourceTree = "<group>"; };
		42740F831281C414008FD575 /* GL_DialogWindow.cpp */ = {isa = PBXFileReference; fileEncoding = 4; lastKnownFileType = sourcecode.cpp.cpp; path = GL_DialogWindow.cpp; sourceTree = "<group>"; };
		42740F841281C414008FD575 /* GL_DialogWindow.h */ = {isa = PBXFileReference; fileEncoding = 4; lastKnownFileType = sourcecode.c.h; path = GL_DialogWindow.h; sourceTree = "<group>"; };
		42740F851281C414008FD575 /* GL_ShapeDrawer.cpp */ = {isa = PBXFileReference; fileEncoding = 4; lastKnownFileType = sourcecode.cpp.cpp; path = GL_ShapeDrawer.cpp; sourceTree = "<group>"; };
		42740F861281C414008FD575 /* GL_ShapeDrawer.h */ = {isa = PBXFileReference; fileEncoding = 4; lastKnownFileType = sourcecode.c.h; path = GL_ShapeDrawer.h; sourceTree = "<group>"; };
		42740F871281C414008FD575 /* GL_Simplex1to4.cpp */ = {isa = PBXFileReference; fileEncoding = 4; lastKnownFileType = sourcecode.cpp.cpp; path = GL_Simplex1to4.cpp; sourceTree = "<group>"; };
		42740F881281C414008FD575 /* GL_Simplex1to4.h */ = {isa = PBXFileReference; fileEncoding = 4; lastKnownFileType = sourcecode.c.h; path = GL_Simplex1to4.h; sourceTree = "<group>"; };
		42740F891281C414008FD575 /* GLDebugDrawer.cpp */ = {isa = PBXFileReference; fileEncoding = 4; lastKnownFileType = sourcecode.cpp.cpp; path = GLDebugDrawer.cpp; sourceTree = "<group>"; };
		42740F8A1281C414008FD575 /* GLDebugDrawer.h */ = {isa = PBXFileReference; fileEncoding = 4; lastKnownFileType = sourcecode.c.h; path = GLDebugDrawer.h; sourceTree = "<group>"; };
		42740F8B1281C414008FD575 /* GLDebugFont.cpp */ = {isa = PBXFileReference; fileEncoding = 4; lastKnownFileType = sourcecode.cpp.cpp; path = GLDebugFont.cpp; sourceTree = "<group>"; };
		42740F8C1281C414008FD575 /* GLDebugFont.h */ = {isa = PBXFileReference; fileEncoding = 4; lastKnownFileType = sourcecode.c.h; path = GLDebugFont.h; sourceTree = "<group>"; };
		42740F8D1281C414008FD575 /* GlutDemoApplication.cpp */ = {isa = PBXFileReference; fileEncoding = 4; lastKnownFileType = sourcecode.cpp.cpp; path = GlutDemoApplication.cpp; sourceTree = "<group>"; };
		42740F8E1281C414008FD575 /* GlutDemoApplication.h */ = {isa = PBXFileReference; fileEncoding = 4; lastKnownFileType = sourcecode.c.h; path = GlutDemoApplication.h; sourceTree = "<group>"; };
		42740F8F1281C414008FD575 /* GlutStuff.cpp */ = {isa = PBXFileReference; fileEncoding = 4; lastKnownFileType = sourcecode.cpp.cpp; path = GlutStuff.cpp; sourceTree = "<group>"; };
		42740F901281C414008FD575 /* GlutStuff.h */ = {isa = PBXFileReference; fileEncoding = 4; lastKnownFileType = sourcecode.c.h; path = GlutStuff.h; sourceTree = "<group>"; };
		42740F911281C414008FD575 /* RenderTexture.cpp */ = {isa = PBXFileReference; fileEncoding = 4; lastKnownFileType = sourcecode.cpp.cpp; path = RenderTexture.cpp; sourceTree = "<group>"; };
		42740F921281C414008FD575 /* RenderTexture.h */ = {isa = PBXFileReference; fileEncoding = 4; lastKnownFileType = sourcecode.c.h; path = RenderTexture.h; sourceTree = "<group>"; };
		42740F931281C414008FD575 /* Win32AppMain.cpp */ = {isa = PBXFileReference; fileEncoding = 4; lastKnownFileType = sourcecode.cpp.cpp; path = Win32AppMain.cpp; sourceTree = "<group>"; };
		42740F941281C414008FD575 /* Win32DemoApplication.cpp */ = {isa = PBXFileReference; fileEncoding = 4; lastKnownFileType = sourcecode.cpp.cpp; path = Win32DemoApplication.cpp; sourceTree = "<group>"; };
		42740F951281C414008FD575 /* Win32DemoApplication.h */ = {isa = PBXFileReference; fileEncoding = 4; lastKnownFileType = sourcecode.c.h; path = Win32DemoApplication.h; sourceTree = "<group>"; };
		42740FE01281C738008FD575 /* GLUT.framework */ = {isa = PBXFileReference; lastKnownFileType = wrapper.framework; name = GLUT.framework; path = System/Library/Frameworks/GLUT.framework; sourceTree = SDKROOT; };
		42740FE21281C738008FD575 /* OpenGL.framework */ = {isa = PBXFileReference; lastKnownFileType = wrapper.framework; name = OpenGL.framework; path = System/Library/Frameworks/OpenGL.framework; sourceTree = SDKROOT; };
		428E8EBE12721A1700D9347D /* util.h */ = {isa = PBXFileReference; fileEncoding = 4; lastKnownFileType = sourcecode.c.h; path = util.h; sourceTree = "<group>"; };
		428E8ECC12721AD300D9347D /* ga.h */ = {isa = PBXFileReference; fileEncoding = 4; lastKnownFileType = sourcecode.c.h; path = ga.h; sourceTree = "<group>"; };
		428E8ECD12721AD300D9347D /* ga.cpp */ = {isa = PBXFileReference; fileEncoding = 4; lastKnownFileType = sourcecode.cpp.cpp; path = ga.cpp; sourceTree = "<group>"; };
		42B34D1E126CD5CC009BCB90 /* MawWorld.h */ = {isa = PBXFileReference; fileEncoding = 4; lastKnownFileType = sourcecode.c.h; path = MawWorld.h; sourceTree = "<group>"; xcLanguageSpecificationIdentifier = xcode.lang.cpp; };
		42B34D1F126CD5CC009BCB90 /* MawWorld.cpp */ = {isa = PBXFileReference; fileEncoding = 4; lastKnownFileType = sourcecode.cpp.cpp; path = MawWorld.cpp; sourceTree = "<group>"; };
		42C33C2812B80C3E00EDB692 /* Unicycle.h */ = {isa = PBXFileReference; fileEncoding = 4; lastKnownFileType = sourcecode.c.h; path = Unicycle.h; sourceTree = "<group>"; };
		42C33C2912B80C3E00EDB692 /* Unicycle.cpp */ = {isa = PBXFileReference; fileEncoding = 4; lastKnownFileType = sourcecode.cpp.cpp; path = Unicycle.cpp; sourceTree = "<group>"; };
		8DD76F6C0486A84900D96B5E /* maw */ = {isa = PBXFileReference; explicitFileType = "compiled.mach-o.executable"; includeInIndex = 0; path = maw; sourceTree = BUILT_PRODUCTS_DIR; };
/* End PBXFileReference section */

/* Begin PBXFrameworksBuildPhase section */
		425CCE5B127089620025F51D /* Frameworks */ = {
			isa = PBXFrameworksBuildPhase;
			buildActionMask = 2147483647;
			files = (
			);
			runOnlyForDeploymentPostprocessing = 0;
		};
		8DD76F660486A84900D96B5E /* Frameworks */ = {
			isa = PBXFrameworksBuildPhase;
			buildActionMask = 2147483647;
			files = (
				425CCD2B127075ED0025F51D /* BulletCollision.framework in Frameworks */,
				425CCD2D127075ED0025F51D /* BulletDynamics.framework in Frameworks */,
				425CCD2F127075ED0025F51D /* LinearMath.framework in Frameworks */,
				42740FE11281C738008FD575 /* GLUT.framework in Frameworks */,
				42740FE31281C738008FD575 /* OpenGL.framework in Frameworks */,
			);
			runOnlyForDeploymentPostprocessing = 0;
		};
/* End PBXFrameworksBuildPhase section */

/* Begin PBXGroup section */
		08FB7794FE84155DC02AAC07 /* maw */ = {
			isa = PBXGroup;
			children = (
				08FB7795FE84155DC02AAC07 /* Source */,
				C6859E8C029090F304C91782 /* Documentation */,
				1AB674ADFE9D54B511CA2CBB /* Products */,
				425CCD2A127075ED0025F51D /* BulletCollision.framework */,
				425CCD2C127075ED0025F51D /* BulletDynamics.framework */,
				425CCD2E127075ED0025F51D /* LinearMath.framework */,
				42740FE01281C738008FD575 /* GLUT.framework */,
				42740FE21281C738008FD575 /* OpenGL.framework */,
			);
			name = maw;
			sourceTree = "<group>";
		};
		08FB7795FE84155DC02AAC07 /* Source */ = {
			isa = PBXGroup;
			children = (
				425CCE8112708C170025F51D /* 2D */,
				425CCE8812708C3A0025F51D /* MAW */,
			);
			name = Source;
			sourceTree = "<group>";
		};
		1AB674ADFE9D54B511CA2CBB /* Products */ = {
			isa = PBXGroup;
			children = (
				8DD76F6C0486A84900D96B5E /* maw */,
				425CCE5D127089620025F51D /* 2d */,
			);
			name = Products;
			sourceTree = "<group>";
		};
		425CCE8112708C170025F51D /* 2D */ = {
			isa = PBXGroup;
			children = (
				428E8ECC12721AD300D9347D /* ga.h */,
				428E8ECD12721AD300D9347D /* ga.cpp */,
				428E8EBE12721A1700D9347D /* util.h */,
				422D8124127753330051F278 /* util.cpp */,
				425CCE66127089A90025F51D /* 2d.cpp */,
				425CCE7D12708BFC0025F51D /* Pendulum.h */,
				425CCE7E12708BFC0025F51D /* Pendulum.cpp */,
				425CCE7612708B8E0025F51D /* Brain.h */,
				425CCE7712708B8E0025F51D /* Brain.cpp */,
				422D86F41279CBF00051F278 /* BrainDotPrinter.h */,
				422D86F51279CBF00051F278 /* BrainDotPrinter.cpp */,
			);
			name = 2D;
			sourceTree = "<group>";
		};
		425CCE8812708C3A0025F51D /* MAW */ = {
			isa = PBXGroup;
			children = (
				42C33C2812B80C3E00EDB692 /* Unicycle.h */,
				42C33C2912B80C3E00EDB692 /* Unicycle.cpp */,
				42B34D1F126CD5CC009BCB90 /* MawWorld.cpp */,
				42B34D1E126CD5CC009BCB90 /* MawWorld.h */,
				08FB7796FE84155DC02AAC07 /* maw.cpp */,
				42740F7C1281C414008FD575 /* OpenGL */,
			);
			name = MAW;
			sourceTree = "<group>";
		};
		42740F7C1281C414008FD575 /* OpenGL */ = {
			isa = PBXGroup;
			children = (
				42740F7D1281C414008FD575 /* CMakeLists.txt */,
				42740F7E1281C414008FD575 /* DebugCastResult.h */,
				42740F7F1281C414008FD575 /* DemoApplication.cpp */,
				42740F801281C414008FD575 /* DemoApplication.h */,
				42740F811281C414008FD575 /* GL_DialogDynamicsWorld.cpp */,
				42740F821281C414008FD575 /* GL_DialogDynamicsWorld.h */,
				42740F831281C414008FD575 /* GL_DialogWindow.cpp */,
				42740F841281C414008FD575 /* GL_DialogWindow.h */,
				42740F851281C414008FD575 /* GL_ShapeDrawer.cpp */,
				42740F861281C414008FD575 /* GL_ShapeDrawer.h */,
				42740F871281C414008FD575 /* GL_Simplex1to4.cpp */,
				42740F881281C414008FD575 /* GL_Simplex1to4.h */,
				42740F891281C414008FD575 /* GLDebugDrawer.cpp */,
				42740F8A1281C414008FD575 /* GLDebugDrawer.h */,
				42740F8B1281C414008FD575 /* GLDebugFont.cpp */,
				42740F8C1281C414008FD575 /* GLDebugFont.h */,
				42740F8D1281C414008FD575 /* GlutDemoApplication.cpp */,
				42740F8E1281C414008FD575 /* GlutDemoApplication.h */,
				42740F8F1281C414008FD575 /* GlutStuff.cpp */,
				42740F901281C414008FD575 /* GlutStuff.h */,
				42740F911281C414008FD575 /* RenderTexture.cpp */,
				42740F921281C414008FD575 /* RenderTexture.h */,
				42740F931281C414008FD575 /* Win32AppMain.cpp */,
				42740F941281C414008FD575 /* Win32DemoApplication.cpp */,
				42740F951281C414008FD575 /* Win32DemoApplication.h */,
			);
			path = OpenGL;
			sourceTree = "<group>";
		};
		C6859E8C029090F304C91782 /* Documentation */ = {
			isa = PBXGroup;
			children = (
			);
			name = Documentation;
			sourceTree = "<group>";
		};
/* End PBXGroup section */

/* Begin PBXNativeTarget section */
		425CCE5C127089620025F51D /* 2d */ = {
			isa = PBXNativeTarget;
			buildConfigurationList = 425CCE63127089910025F51D /* Build configuration list for PBXNativeTarget "2d" */;
			buildPhases = (
				425CCE5A127089620025F51D /* Sources */,
				425CCE5B127089620025F51D /* Frameworks */,
			);
			buildRules = (
			);
			dependencies = (
			);
			name = 2d;
			productName = 2d;
			productReference = 425CCE5D127089620025F51D /* 2d */;
			productType = "com.apple.product-type.tool";
		};
		8DD76F620486A84900D96B5E /* maw */ = {
			isa = PBXNativeTarget;
			buildConfigurationList = 1DEB923108733DC60010E9CD /* Build configuration list for PBXNativeTarget "maw" */;
			buildPhases = (
				8DD76F640486A84900D96B5E /* Sources */,
				8DD76F660486A84900D96B5E /* Frameworks */,
				8DD76F690486A84900D96B5E /* CopyFiles */,
			);
			buildRules = (
			);
			dependencies = (
			);
			name = maw;
			productInstallPath = "$(HOME)/bin";
			productName = maw;
			productReference = 8DD76F6C0486A84900D96B5E /* maw */;
			productType = "com.apple.product-type.tool";
		};
/* End PBXNativeTarget section */

/* Begin PBXProject section */
		08FB7793FE84155DC02AAC07 /* Project object */ = {
			isa = PBXProject;
			attributes = {
				BuildIndependentTargetsInParallel = NO;
				ORGANIZATIONNAME = "Nick Stenning";
			};
			buildConfigurationList = 1DEB923508733DC60010E9CD /* Build configuration list for PBXProject "maw" */;
			compatibilityVersion = "Xcode 3.2";
			developmentRegion = English;
			hasScannedForEncodings = 1;
			knownRegions = (
				English,
				Japanese,
				French,
				German,
			);
			mainGroup = 08FB7794FE84155DC02AAC07 /* maw */;
			projectDirPath = "";
			projectRoot = "";
			targets = (
				8DD76F620486A84900D96B5E /* maw */,
				425CCE5C127089620025F51D /* 2d */,
			);
		};
/* End PBXProject section */

/* Begin PBXSourcesBuildPhase section */
		425CCE5A127089620025F51D /* Sources */ = {
			isa = PBXSourcesBuildPhase;
			buildActionMask = 2147483647;
			files = (
				425CCE67127089A90025F51D /* 2d.cpp in Sources */,
				425CCE7812708B8E0025F51D /* Brain.cpp in Sources */,
				425CCE7F12708BFC0025F51D /* Pendulum.cpp in Sources */,
				428E8ECE12721AD300D9347D /* ga.cpp in Sources */,
				422D8125127753330051F278 /* util.cpp in Sources */,
				422D86F61279CBF00051F278 /* BrainDotPrinter.cpp in Sources */,
			);
			runOnlyForDeploymentPostprocessing = 0;
		};
		8DD76F640486A84900D96B5E /* Sources */ = {
			isa = PBXSourcesBuildPhase;
			buildActionMask = 2147483647;
			files = (
				8DD76F650486A84900D96B5E /* maw.cpp in Sources */,
				42B34D20126CD5CC009BCB90 /* MawWorld.cpp in Sources */,
				42740F961281C414008FD575 /* DemoApplication.cpp in Sources */,
				42740F971281C414008FD575 /* GL_DialogDynamicsWorld.cpp in Sources */,
				42740F981281C414008FD575 /* GL_DialogWindow.cpp in Sources */,
				42740F991281C414008FD575 /* GL_ShapeDrawer.cpp in Sources */,
				42740F9A1281C414008FD575 /* GL_Simplex1to4.cpp in Sources */,
				42740F9B1281C414008FD575 /* GLDebugDrawer.cpp in Sources */,
				42740F9C1281C414008FD575 /* GLDebugFont.cpp in Sources */,
				42740F9D1281C414008FD575 /* GlutDemoApplication.cpp in Sources */,
				42740F9E1281C414008FD575 /* GlutStuff.cpp in Sources */,
				42740F9F1281C414008FD575 /* RenderTexture.cpp in Sources */,
				42740FA01281C414008FD575 /* Win32AppMain.cpp in Sources */,
				42740FA11281C414008FD575 /* Win32DemoApplication.cpp in Sources */,
				42C33C2A12B80C3E00EDB692 /* Unicycle.cpp in Sources */,
			);
			runOnlyForDeploymentPostprocessing = 0;
		};
/* End PBXSourcesBuildPhase section */

/* Begin XCBuildConfiguration section */
		1DEB923208733DC60010E9CD /* Debug */ = {
			isa = XCBuildConfiguration;
			buildSettings = {
				ALWAYS_SEARCH_USER_PATHS = NO;
				COPY_PHASE_STRIP = NO;
				GCC_DYNAMIC_NO_PIC = NO;
				GCC_ENABLE_FIX_AND_CONTINUE = YES;
				GCC_MODEL_TUNING = G5;
				GCC_OPTIMIZATION_LEVEL = 0;
				INSTALL_PATH = /usr/local/bin;
				LIBRARY_SEARCH_PATHS = "";
				PRODUCT_NAME = maw;
			};
			name = Debug;
		};
		1DEB923308733DC60010E9CD /* Release */ = {
			isa = XCBuildConfiguration;
			buildSettings = {
				ALWAYS_SEARCH_USER_PATHS = NO;
				DEBUG_INFORMATION_FORMAT = "dwarf-with-dsym";
				GCC_MODEL_TUNING = G5;
				INSTALL_PATH = /usr/local/bin;
				LIBRARY_SEARCH_PATHS = "";
				PRODUCT_NAME = maw;
			};
			name = Release;
		};
		1DEB923608733DC60010E9CD /* Debug */ = {
			isa = XCBuildConfiguration;
			buildSettings = {
				ARCHS = "$(ARCHS_STANDARD_32_64_BIT)";
				GCC_C_LANGUAGE_STANDARD = gnu99;
				GCC_OPTIMIZATION_LEVEL = 0;
				GCC_PREPROCESSOR_DEFINITIONS = "";
				GCC_VERSION = com.apple.compilers.llvm.clang.1_0;
				GCC_WARN_ABOUT_RETURN_TYPE = YES;
				GCC_WARN_EFFECTIVE_CPLUSPLUS_VIOLATIONS = YES;
				GCC_WARN_HIDDEN_VIRTUAL_FUNCTIONS = YES;
				GCC_WARN_NON_VIRTUAL_DESTRUCTOR = YES;
				GCC_WARN_PEDANTIC = YES;
				GCC_WARN_SHADOW = YES;
				GCC_WARN_SIGN_COMPARE = YES;
				GCC_WARN_UNUSED_FUNCTION = YES;
				GCC_WARN_UNUSED_LABEL = YES;
				GCC_WARN_UNUSED_PARAMETER = YES;
				GCC_WARN_UNUSED_VALUE = YES;
				GCC_WARN_UNUSED_VARIABLE = YES;
				HEADER_SEARCH_PATHS = "";
				LIBRARY_SEARCH_PATHS = ./OpenGL;
				ONLY_ACTIVE_ARCH = YES;
				PREBINDING = NO;
				SDKROOT = macosx10.6;
				WARNING_CFLAGS = "";
			};
			name = Debug;
		};
		1DEB923708733DC60010E9CD /* Release */ = {
			isa = XCBuildConfiguration;
			buildSettings = {
				ARCHS = "$(ARCHS_STANDARD_32_64_BIT)";
				GCC_C_LANGUAGE_STANDARD = gnu99;
				GCC_PREPROCESSOR_DEFINITIONS = "";
				GCC_VERSION = com.apple.compilers.llvm.clang.1_0;
				GCC_WARN_ABOUT_RETURN_TYPE = YES;
				GCC_WARN_EFFECTIVE_CPLUSPLUS_VIOLATIONS = YES;
				GCC_WARN_HIDDEN_VIRTUAL_FUNCTIONS = YES;
				GCC_WARN_NON_VIRTUAL_DESTRUCTOR = YES;
				GCC_WARN_PEDANTIC = YES;
				GCC_WARN_SHADOW = YES;
				GCC_WARN_SIGN_COMPARE = YES;
				GCC_WARN_UNUSED_FUNCTION = YES;
				GCC_WARN_UNUSED_LABEL = YES;
				GCC_WARN_UNUSED_PARAMETER = YES;
				GCC_WARN_UNUSED_VALUE = YES;
				GCC_WARN_UNUSED_VARIABLE = YES;
				HEADER_SEARCH_PATHS = "";
				LIBRARY_SEARCH_PATHS = ./OpenGL;
				ONLY_ACTIVE_ARCH = YES;
				PREBINDING = NO;
				SDKROOT = macosx10.6;
				WARNING_CFLAGS = "";
			};
			name = Release;
		};
		425CCE5F127089620025F51D /* Debug */ = {
			isa = XCBuildConfiguration;
			buildSettings = {
				ALWAYS_SEARCH_USER_PATHS = NO;
				COPY_PHASE_STRIP = NO;
				GCC_DYNAMIC_NO_PIC = NO;
				GCC_ENABLE_FIX_AND_CONTINUE = YES;
				GCC_MODEL_TUNING = G5;
				GCC_OPTIMIZATION_LEVEL = 0;
				INSTALL_PATH = /usr/local/bin;
				PREBINDING = NO;
				PRODUCT_NAME = 2d;
			};
			name = Debug;
		};
		425CCE60127089620025F51D /* Release */ = {
			isa = XCBuildConfiguration;
			buildSettings = {
				ALWAYS_SEARCH_USER_PATHS = NO;
				COPY_PHASE_STRIP = YES;
				DEBUG_INFORMATION_FORMAT = "dwarf-with-dsym";
				GCC_ENABLE_FIX_AND_CONTINUE = NO;
				GCC_MODEL_TUNING = G5;
				INSTALL_PATH = /usr/local/bin;
				PREBINDING = NO;
				PRODUCT_NAME = 2d;
				ZERO_LINK = NO;
			};
			name = Release;
		};
/* End XCBuildConfiguration section */

/* Begin XCConfigurationList section */
		1DEB923108733DC60010E9CD /* Build configuration list for PBXNativeTarget "maw" */ = {
			isa = XCConfigurationList;
			buildConfigurations = (
				1DEB923208733DC60010E9CD /* Debug */,
				1DEB923308733DC60010E9CD /* Release */,
			);
			defaultConfigurationIsVisible = 0;
			defaultConfigurationName = Release;
		};
		1DEB923508733DC60010E9CD /* Build configuration list for PBXProject "maw" */ = {
			isa = XCConfigurationList;
			buildConfigurations = (
				1DEB923608733DC60010E9CD /* Debug */,
				1DEB923708733DC60010E9CD /* Release */,
			);
			defaultConfigurationIsVisible = 0;
			defaultConfigurationName = Release;
		};
		425CCE63127089910025F51D /* Build configuration list for PBXNativeTarget "2d" */ = {
			isa = XCConfigurationList;
			buildConfigurations = (
				425CCE5F127089620025F51D /* Debug */,
				425CCE60127089620025F51D /* Release */,
			);
			defaultConfigurationIsVisible = 0;
			defaultConfigurationName = Release;
		};
/* End XCConfigurationList section */
	};
	rootObject = 08FB7793FE84155DC02AAC07 /* Project object */;
}
