// !$*UTF8*$!
{
	archiveVersion = 1;
	classes = {
	};
	objectVersion = 46;
	objects = {

/* Begin PBXBuildFile section */
		425CCD2B127075ED0025F51D /* BulletCollision.framework in Frameworks */ = {isa = PBXBuildFile; fileRef = 425CCD2A127075ED0025F51D /* BulletCollision.framework */; };
		425CCD2D127075ED0025F51D /* BulletDynamics.framework in Frameworks */ = {isa = PBXBuildFile; fileRef = 425CCD2C127075ED0025F51D /* BulletDynamics.framework */; };
		425CCD2F127075ED0025F51D /* LinearMath.framework in Frameworks */ = {isa = PBXBuildFile; fileRef = 425CCD2E127075ED0025F51D /* LinearMath.framework */; };
		42740FE11281C738008FD575 /* GLUT.framework in Frameworks */ = {isa = PBXBuildFile; fileRef = 42740FE01281C738008FD575 /* GLUT.framework */; };
		42740FE31281C738008FD575 /* OpenGL.framework in Frameworks */ = {isa = PBXBuildFile; fileRef = 42740FE21281C738008FD575 /* OpenGL.framework */; };
		4280EA7812E8588600722801 /* 2d.cpp in Sources */ = {isa = PBXBuildFile; fileRef = 4280EA6D12E8588600722801 /* 2d.cpp */; };
		4280EA7912E8588600722801 /* Brain.cpp in Sources */ = {isa = PBXBuildFile; fileRef = 4280EA6E12E8588600722801 /* Brain.cpp */; };
		4280EA7A12E8588600722801 /* BrainDotPrinter.cpp in Sources */ = {isa = PBXBuildFile; fileRef = 4280EA7012E8588600722801 /* BrainDotPrinter.cpp */; };
		4280EA7B12E8588600722801 /* ga.cpp in Sources */ = {isa = PBXBuildFile; fileRef = 4280EA7212E8588600722801 /* ga.cpp */; };
		4280EA7C12E8588600722801 /* Pendulum.cpp in Sources */ = {isa = PBXBuildFile; fileRef = 4280EA7412E8588600722801 /* Pendulum.cpp */; };
		4280EA7D12E8588600722801 /* util.cpp in Sources */ = {isa = PBXBuildFile; fileRef = 4280EA7612E8588600722801 /* util.cpp */; };
		4280EAAB12E858F400722801 /* maw.cpp in Sources */ = {isa = PBXBuildFile; fileRef = 4280EA8C12E858F400722801 /* maw.cpp */; };
		4280EAAC12E858F400722801 /* MawWorld.cpp in Sources */ = {isa = PBXBuildFile; fileRef = 4280EA8D12E858F400722801 /* MawWorld.cpp */; };
		4280EAAD12E858F400722801 /* DemoApplication.cpp in Sources */ = {isa = PBXBuildFile; fileRef = 4280EA9212E858F400722801 /* DemoApplication.cpp */; };
		4280EAAE12E858F400722801 /* GL_DialogDynamicsWorld.cpp in Sources */ = {isa = PBXBuildFile; fileRef = 4280EA9412E858F400722801 /* GL_DialogDynamicsWorld.cpp */; };
		4280EAAF12E858F400722801 /* GL_DialogWindow.cpp in Sources */ = {isa = PBXBuildFile; fileRef = 4280EA9612E858F400722801 /* GL_DialogWindow.cpp */; };
		4280EAB012E858F400722801 /* GL_ShapeDrawer.cpp in Sources */ = {isa = PBXBuildFile; fileRef = 4280EA9812E858F400722801 /* GL_ShapeDrawer.cpp */; };
		4280EAB112E858F400722801 /* GL_Simplex1to4.cpp in Sources */ = {isa = PBXBuildFile; fileRef = 4280EA9A12E858F400722801 /* GL_Simplex1to4.cpp */; };
		4280EAB212E858F400722801 /* GLDebugDrawer.cpp in Sources */ = {isa = PBXBuildFile; fileRef = 4280EA9C12E858F400722801 /* GLDebugDrawer.cpp */; };
		4280EAB312E858F400722801 /* GLDebugFont.cpp in Sources */ = {isa = PBXBuildFile; fileRef = 4280EA9E12E858F400722801 /* GLDebugFont.cpp */; };
		4280EAB412E858F400722801 /* GlutDemoApplication.cpp in Sources */ = {isa = PBXBuildFile; fileRef = 4280EAA012E858F400722801 /* GlutDemoApplication.cpp */; };
		4280EAB512E858F400722801 /* GlutStuff.cpp in Sources */ = {isa = PBXBuildFile; fileRef = 4280EAA212E858F400722801 /* GlutStuff.cpp */; };
		4280EAB612E858F400722801 /* RenderTexture.cpp in Sources */ = {isa = PBXBuildFile; fileRef = 4280EAA412E858F400722801 /* RenderTexture.cpp */; };
		4280EAB712E858F400722801 /* Win32AppMain.cpp in Sources */ = {isa = PBXBuildFile; fileRef = 4280EAA612E858F400722801 /* Win32AppMain.cpp */; };
		4280EAB812E858F400722801 /* Win32DemoApplication.cpp in Sources */ = {isa = PBXBuildFile; fileRef = 4280EAA712E858F400722801 /* Win32DemoApplication.cpp */; };
		4280EAB912E858F400722801 /* Unicycle.cpp in Sources */ = {isa = PBXBuildFile; fileRef = 4280EAA912E858F400722801 /* Unicycle.cpp */; };
/* End PBXBuildFile section */

/* Begin PBXCopyFilesBuildPhase section */
		8DD76F690486A84900D96B5E /* CopyFiles */ = {
			isa = PBXCopyFilesBuildPhase;
			buildActionMask = 8;
			dstPath = /usr/share/man/man1/;
			dstSubfolderSpec = 0;
			files = (
			);
			runOnlyForDeploymentPostprocessing = 1;
		};
/* End PBXCopyFilesBuildPhase section */

/* Begin PBXFileReference section */
		425CCD2A127075ED0025F51D /* BulletCollision.framework */ = {isa = PBXFileReference; lastKnownFileType = wrapper.framework; name = BulletCollision.framework; path = Library/Frameworks/BulletCollision.framework; sourceTree = SDKROOT; };
		425CCD2C127075ED0025F51D /* BulletDynamics.framework */ = {isa = PBXFileReference; lastKnownFileType = wrapper.framework; name = BulletDynamics.framework; path = Library/Frameworks/BulletDynamics.framework; sourceTree = SDKROOT; };
		425CCD2E127075ED0025F51D /* LinearMath.framework */ = {isa = PBXFileReference; lastKnownFileType = wrapper.framework; name = LinearMath.framework; path = Library/Frameworks/LinearMath.framework; sourceTree = SDKROOT; };
		425CCE5D127089620025F51D /* 2d */ = {isa = PBXFileReference; explicitFileType = "compiled.mach-o.executable"; includeInIndex = 0; path = 2d; sourceTree = BUILT_PRODUCTS_DIR; };
		42740FE01281C738008FD575 /* GLUT.framework */ = {isa = PBXFileReference; lastKnownFileType = wrapper.framework; name = GLUT.framework; path = System/Library/Frameworks/GLUT.framework; sourceTree = SDKROOT; };
		42740FE21281C738008FD575 /* OpenGL.framework */ = {isa = PBXFileReference; lastKnownFileType = wrapper.framework; name = OpenGL.framework; path = System/Library/Frameworks/OpenGL.framework; sourceTree = SDKROOT; };
		4280EA6D12E8588600722801 /* 2d.cpp */ = {isa = PBXFileReference; fileEncoding = 4; lastKnownFileType = sourcecode.cpp.cpp; name = 2d.cpp; path = src/2d.cpp; sourceTree = "<group>"; };
		4280EA6E12E8588600722801 /* Brain.cpp */ = {isa = PBXFileReference; fileEncoding = 4; lastKnownFileType = sourcecode.cpp.cpp; name = Brain.cpp; path = src/Brain.cpp; sourceTree = "<group>"; };
		4280EA6F12E8588600722801 /* Brain.h */ = {isa = PBXFileReference; fileEncoding = 4; lastKnownFileType = sourcecode.c.h; name = Brain.h; path = src/Brain.h; sourceTree = "<group>"; };
		4280EA7012E8588600722801 /* BrainDotPrinter.cpp */ = {isa = PBXFileReference; fileEncoding = 4; lastKnownFileType = sourcecode.cpp.cpp; name = BrainDotPrinter.cpp; path = src/BrainDotPrinter.cpp; sourceTree = "<group>"; };
		4280EA7112E8588600722801 /* BrainDotPrinter.h */ = {isa = PBXFileReference; fileEncoding = 4; lastKnownFileType = sourcecode.c.h; name = BrainDotPrinter.h; path = src/BrainDotPrinter.h; sourceTree = "<group>"; };
		4280EA7212E8588600722801 /* ga.cpp */ = {isa = PBXFileReference; fileEncoding = 4; lastKnownFileType = sourcecode.cpp.cpp; name = ga.cpp; path = src/ga.cpp; sourceTree = "<group>"; };
		4280EA7312E8588600722801 /* ga.h */ = {isa = PBXFileReference; fileEncoding = 4; lastKnownFileType = sourcecode.c.h; name = ga.h; path = src/ga.h; sourceTree = "<group>"; };
		4280EA7412E8588600722801 /* Pendulum.cpp */ = {isa = PBXFileReference; fileEncoding = 4; lastKnownFileType = sourcecode.cpp.cpp; name = Pendulum.cpp; path = src/Pendulum.cpp; sourceTree = "<group>"; };
		4280EA7512E8588600722801 /* Pendulum.h */ = {isa = PBXFileReference; fileEncoding = 4; lastKnownFileType = sourcecode.c.h; name = Pendulum.h; path = src/Pendulum.h; sourceTree = "<group>"; };
		4280EA7612E8588600722801 /* util.cpp */ = {isa = PBXFileReference; fileEncoding = 4; lastKnownFileType = sourcecode.cpp.cpp; name = util.cpp; path = src/util.cpp; sourceTree = "<group>"; };
		4280EA7712E8588600722801 /* util.h */ = {isa = PBXFileReference; fileEncoding = 4; lastKnownFileType = sourcecode.c.h; name = util.h; path = src/util.h; sourceTree = "<group>"; };
		4280EA8C12E858F400722801 /* maw.cpp */ = {isa = PBXFileReference; fileEncoding = 4; lastKnownFileType = sourcecode.cpp.cpp; name = maw.cpp; path = src/maw.cpp; sourceTree = "<group>"; };
		4280EA8D12E858F400722801 /* MawWorld.cpp */ = {isa = PBXFileReference; fileEncoding = 4; lastKnownFileType = sourcecode.cpp.cpp; name = MawWorld.cpp; path = src/MawWorld.cpp; sourceTree = "<group>"; };
		4280EA8E12E858F400722801 /* MawWorld.h */ = {isa = PBXFileReference; fileEncoding = 4; lastKnownFileType = sourcecode.c.h; name = MawWorld.h; path = src/MawWorld.h; sourceTree = "<group>"; };
		4280EA9012E858F400722801 /* CMakeLists.txt */ = {isa = PBXFileReference; fileEncoding = 4; lastKnownFileType = text; path = CMakeLists.txt; sourceTree = "<group>"; };
		4280EA9112E858F400722801 /* DebugCastResult.h */ = {isa = PBXFileReference; fileEncoding = 4; lastKnownFileType = sourcecode.c.h; path = DebugCastResult.h; sourceTree = "<group>"; };
		4280EA9212E858F400722801 /* DemoApplication.cpp */ = {isa = PBXFileReference; fileEncoding = 4; lastKnownFileType = sourcecode.cpp.cpp; path = DemoApplication.cpp; sourceTree = "<group>"; };
		4280EA9312E858F400722801 /* DemoApplication.h */ = {isa = PBXFileReference; fileEncoding = 4; lastKnownFileType = sourcecode.c.h; path = DemoApplication.h; sourceTree = "<group>"; };
		4280EA9412E858F400722801 /* GL_DialogDynamicsWorld.cpp */ = {isa = PBXFileReference; fileEncoding = 4; lastKnownFileType = sourcecode.cpp.cpp; path = GL_DialogDynamicsWorld.cpp; sourceTree = "<group>"; };
		4280EA9512E858F400722801 /* GL_DialogDynamicsWorld.h */ = {isa = PBXFileReference; fileEncoding = 4; lastKnownFileType = sourcecode.c.h; path = GL_DialogDynamicsWorld.h; sourceTree = "<group>"; };
		4280EA9612E858F400722801 /* GL_DialogWindow.cpp */ = {isa = PBXFileReference; fileEncoding = 4; lastKnownFileType = sourcecode.cpp.cpp; path = GL_DialogWindow.cpp; sourceTree = "<group>"; };
		4280EA9712E858F400722801 /* GL_DialogWindow.h */ = {isa = PBXFileReference; fileEncoding = 4; lastKnownFileType = sourcecode.c.h; path = GL_DialogWindow.h; sourceTree = "<group>"; };
		4280EA9812E858F400722801 /* GL_ShapeDrawer.cpp */ = {isa = PBXFileReference; fileEncoding = 4; lastKnownFileType = sourcecode.cpp.cpp; path = GL_ShapeDrawer.cpp; sourceTree = "<group>"; };
		4280EA9912E858F400722801 /* GL_ShapeDrawer.h */ = {isa = PBXFileReference; fileEncoding = 4; lastKnownFileType = sourcecode.c.h; path = GL_ShapeDrawer.h; sourceTree = "<group>"; };
		4280EA9A12E858F400722801 /* GL_Simplex1to4.cpp */ = {isa = PBXFileReference; fileEncoding = 4; lastKnownFileType = sourcecode.cpp.cpp; path = GL_Simplex1to4.cpp; sourceTree = "<group>"; };
		4280EA9B12E858F400722801 /* GL_Simplex1to4.h */ = {isa = PBXFileReference; fileEncoding = 4; lastKnownFileType = sourcecode.c.h; path = GL_Simplex1to4.h; sourceTree = "<group>"; };
		4280EA9C12E858F400722801 /* GLDebugDrawer.cpp */ = {isa = PBXFileReference; fileEncoding = 4; lastKnownFileType = sourcecode.cpp.cpp; path = GLDebugDrawer.cpp; sourceTree = "<group>"; };
		4280EA9D12E858F400722801 /* GLDebugDrawer.h */ = {isa = PBXFileReference; fileEncoding = 4; lastKnownFileType = sourcecode.c.h; path = GLDebugDrawer.h; sourceTree = "<group>"; };
		4280EA9E12E858F400722801 /* GLDebugFont.cpp */ = {isa = PBXFileReference; fileEncoding = 4; lastKnownFileType = sourcecode.cpp.cpp; path = GLDebugFont.cpp; sourceTree = "<group>"; };
		4280EA9F12E858F400722801 /* GLDebugFont.h */ = {isa = PBXFileReference; fileEncoding = 4; lastKnownFileType = sourcecode.c.h; path = GLDebugFont.h; sourceTree = "<group>"; };
		4280EAA012E858F400722801 /* GlutDemoApplication.cpp */ = {isa = PBXFileReference; fileEncoding = 4; lastKnownFileType = sourcecode.cpp.cpp; path = GlutDemoApplication.cpp; sourceTree = "<group>"; };
		4280EAA112E858F400722801 /* GlutDemoApplication.h */ = {isa = PBXFileReference; fileEncoding = 4; lastKnownFileType = sourcecode.c.h; path = GlutDemoApplication.h; sourceTree = "<group>"; };
		4280EAA212E858F400722801 /* GlutStuff.cpp */ = {isa = PBXFileReference; fileEncoding = 4; lastKnownFileType = sourcecode.cpp.cpp; path = GlutStuff.cpp; sourceTree = "<group>"; };
		4280EAA312E858F400722801 /* GlutStuff.h */ = {isa = PBXFileReference; fileEncoding = 4; lastKnownFileType = sourcecode.c.h; path = GlutStuff.h; sourceTree = "<group>"; };
		4280EAA412E858F400722801 /* RenderTexture.cpp */ = {isa = PBXFileReference; fileEncoding = 4; lastKnownFileType = sourcecode.cpp.cpp; path = RenderTexture.cpp; sourceTree = "<group>"; };
		4280EAA512E858F400722801 /* RenderTexture.h */ = {isa = PBXFileReference; fileEncoding = 4; lastKnownFileType = sourcecode.c.h; path = RenderTexture.h; sourceTree = "<group>"; };
		4280EAA612E858F400722801 /* Win32AppMain.cpp */ = {isa = PBXFileReference; fileEncoding = 4; lastKnownFileType = sourcecode.cpp.cpp; path = Win32AppMain.cpp; sourceTree = "<group>"; };
		4280EAA712E858F400722801 /* Win32DemoApplication.cpp */ = {isa = PBXFileReference; fileEncoding = 4; lastKnownFileType = sourcecode.cpp.cpp; path = Win32DemoApplication.cpp; sourceTree = "<group>"; };
		4280EAA812E858F400722801 /* Win32DemoApplication.h */ = {isa = PBXFileReference; fileEncoding = 4; lastKnownFileType = sourcecode.c.h; path = Win32DemoApplication.h; sourceTree = "<group>"; };
		4280EAA912E858F400722801 /* Unicycle.cpp */ = {isa = PBXFileReference; fileEncoding = 4; lastKnownFileType = sourcecode.cpp.cpp; name = Unicycle.cpp; path = src/Unicycle.cpp; sourceTree = "<group>"; };
		4280EAAA12E858F400722801 /* Unicycle.h */ = {isa = PBXFileReference; fileEncoding = 4; lastKnownFileType = sourcecode.c.h; name = Unicycle.h; path = src/Unicycle.h; sourceTree = "<group>"; };
		8DD76F6C0486A84900D96B5E /* maw */ = {isa = PBXFileReference; explicitFileType = "compiled.mach-o.executable"; includeInIndex = 0; path = maw; sourceTree = BUILT_PRODUCTS_DIR; };
/* End PBXFileReference section */

/* Begin PBXFrameworksBuildPhase section */
		425CCE5B127089620025F51D /* Frameworks */ = {
			isa = PBXFrameworksBuildPhase;
			buildActionMask = 2147483647;
			files = (
			);
			runOnlyForDeploymentPostprocessing = 0;
		};
		8DD76F660486A84900D96B5E /* Frameworks */ = {
			isa = PBXFrameworksBuildPhase;
			buildActionMask = 2147483647;
			files = (
				425CCD2B127075ED0025F51D /* BulletCollision.framework in Frameworks */,
				425CCD2D127075ED0025F51D /* BulletDynamics.framework in Frameworks */,
				425CCD2F127075ED0025F51D /* LinearMath.framework in Frameworks */,
				42740FE11281C738008FD575 /* GLUT.framework in Frameworks */,
				42740FE31281C738008FD575 /* OpenGL.framework in Frameworks */,
			);
			runOnlyForDeploymentPostprocessing = 0;
		};
/* End PBXFrameworksBuildPhase section */

/* Begin PBXGroup section */
		08FB7794FE84155DC02AAC07 /* maw */ = {
			isa = PBXGroup;
			children = (
				4280EABA12E858FB00722801 /* MAW */,
				4280EA8912E8589300722801 /* 2D */,
				C6859E8C029090F304C91782 /* Documentation */,
				1AB674ADFE9D54B511CA2CBB /* Products */,
			);
			name = maw;
			sourceTree = "<group>";
		};
		1AB674ADFE9D54B511CA2CBB /* Products */ = {
			isa = PBXGroup;
			children = (
				8DD76F6C0486A84900D96B5E /* maw */,
				425CCE5D127089620025F51D /* 2d */,
			);
			name = Products;
			sourceTree = "<group>";
		};
		4280EA8912E8589300722801 /* 2D */ = {
			isa = PBXGroup;
			children = (
				4280EA6D12E8588600722801 /* 2d.cpp */,
				4280EA6E12E8588600722801 /* Brain.cpp */,
				4280EA6F12E8588600722801 /* Brain.h */,
				4280EA7012E8588600722801 /* BrainDotPrinter.cpp */,
				4280EA7112E8588600722801 /* BrainDotPrinter.h */,
				4280EA7212E8588600722801 /* ga.cpp */,
				4280EA7312E8588600722801 /* ga.h */,
				4280EA7412E8588600722801 /* Pendulum.cpp */,
				4280EA7512E8588600722801 /* Pendulum.h */,
				4280EA7612E8588600722801 /* util.cpp */,
				4280EA7712E8588600722801 /* util.h */,
			);
			name = 2D;
			sourceTree = "<group>";
		};
		4280EA8F12E858F400722801 /* OpenGL */ = {
			isa = PBXGroup;
			children = (
				4280EA9012E858F400722801 /* CMakeLists.txt */,
				4280EA9112E858F400722801 /* DebugCastResult.h */,
				4280EA9212E858F400722801 /* DemoApplication.cpp */,
				4280EA9312E858F400722801 /* DemoApplication.h */,
				4280EA9412E858F400722801 /* GL_DialogDynamicsWorld.cpp */,
				4280EA9512E858F400722801 /* GL_DialogDynamicsWorld.h */,
				4280EA9612E858F400722801 /* GL_DialogWindow.cpp */,
				4280EA9712E858F400722801 /* GL_DialogWindow.h */,
				4280EA9812E858F400722801 /* GL_ShapeDrawer.cpp */,
				4280EA9912E858F400722801 /* GL_ShapeDrawer.h */,
				4280EA9A12E858F400722801 /* GL_Simplex1to4.cpp */,
				4280EA9B12E858F400722801 /* GL_Simplex1to4.h */,
				4280EA9C12E858F400722801 /* GLDebugDrawer.cpp */,
				4280EA9D12E858F400722801 /* GLDebugDrawer.h */,
				4280EA9E12E858F400722801 /* GLDebugFont.cpp */,
				4280EA9F12E858F400722801 /* GLDebugFont.h */,
				4280EAA012E858F400722801 /* GlutDemoApplication.cpp */,
				4280EAA112E858F400722801 /* GlutDemoApplication.h */,
				4280EAA212E858F400722801 /* GlutStuff.cpp */,
				4280EAA312E858F400722801 /* GlutStuff.h */,
				4280EAA412E858F400722801 /* RenderTexture.cpp */,
				4280EAA512E858F400722801 /* RenderTexture.h */,
				4280EAA612E858F400722801 /* Win32AppMain.cpp */,
				4280EAA712E858F400722801 /* Win32DemoApplication.cpp */,
				4280EAA812E858F400722801 /* Win32DemoApplication.h */,
			);
			name = OpenGL;
			path = src/OpenGL;
			sourceTree = "<group>";
		};
		4280EABA12E858FB00722801 /* MAW */ = {
			isa = PBXGroup;
			children = (
				425CCD2A127075ED0025F51D /* BulletCollision.framework */,
				425CCD2C127075ED0025F51D /* BulletDynamics.framework */,
				425CCD2E127075ED0025F51D /* LinearMath.framework */,
				42740FE01281C738008FD575 /* GLUT.framework */,
				42740FE21281C738008FD575 /* OpenGL.framework */,
				4280EA8C12E858F400722801 /* maw.cpp */,
				4280EA8D12E858F400722801 /* MawWorld.cpp */,
				4280EA8E12E858F400722801 /* MawWorld.h */,
				4280EA8F12E858F400722801 /* OpenGL */,
				4280EAA912E858F400722801 /* Unicycle.cpp */,
				4280EAAA12E858F400722801 /* Unicycle.h */,
			);
			name = MAW;
			sourceTree = "<group>";
		};
		C6859E8C029090F304C91782 /* Documentation */ = {
			isa = PBXGroup;
			children = (
			);
			name = Documentation;
			sourceTree = "<group>";
		};
/* End PBXGroup section */

/* Begin PBXNativeTarget section */
		425CCE5C127089620025F51D /* 2d */ = {
			isa = PBXNativeTarget;
			buildConfigurationList = 425CCE63127089910025F51D /* Build configuration list for PBXNativeTarget "2d" */;
			buildPhases = (
				425CCE5A127089620025F51D /* Sources */,
				425CCE5B127089620025F51D /* Frameworks */,
			);
			buildRules = (
			);
			dependencies = (
			);
			name = 2d;
			productName = 2d;
			productReference = 425CCE5D127089620025F51D /* 2d */;
			productType = "com.apple.product-type.tool";
		};
		8DD76F620486A84900D96B5E /* maw */ = {
			isa = PBXNativeTarget;
			buildConfigurationList = 1DEB923108733DC60010E9CD /* Build configuration list for PBXNativeTarget "maw" */;
			buildPhases = (
				8DD76F640486A84900D96B5E /* Sources */,
				8DD76F660486A84900D96B5E /* Frameworks */,
				8DD76F690486A84900D96B5E /* CopyFiles */,
			);
			buildRules = (
			);
			dependencies = (
			);
			name = maw;
			productInstallPath = "$(HOME)/bin";
			productName = maw;
			productReference = 8DD76F6C0486A84900D96B5E /* maw */;
			productType = "com.apple.product-type.tool";
		};
/* End PBXNativeTarget section */

/* Begin PBXProject section */
		08FB7793FE84155DC02AAC07 /* Project object */ = {
			isa = PBXProject;
			attributes = {
				BuildIndependentTargetsInParallel = NO;
				ORGANIZATIONNAME = "Nick Stenning";
			};
			buildConfigurationList = 1DEB923508733DC60010E9CD /* Build configuration list for PBXProject "maw" */;
			compatibilityVersion = "Xcode 3.2";
			developmentRegion = English;
			hasScannedForEncodings = 1;
			knownRegions = (
				English,
				Japanese,
				French,
				German,
			);
			mainGroup = 08FB7794FE84155DC02AAC07 /* maw */;
			projectDirPath = "";
			projectRoot = "";
			targets = (
				8DD76F620486A84900D96B5E /* maw */,
				425CCE5C127089620025F51D /* 2d */,
			);
		};
/* End PBXProject section */

/* Begin PBXSourcesBuildPhase section */
		425CCE5A127089620025F51D /* Sources */ = {
			isa = PBXSourcesBuildPhase;
			buildActionMask = 2147483647;
			files = (
				4280EA7812E8588600722801 /* 2d.cpp in Sources */,
				4280EA7912E8588600722801 /* Brain.cpp in Sources */,
				4280EA7A12E8588600722801 /* BrainDotPrinter.cpp in Sources */,
				4280EA7B12E8588600722801 /* ga.cpp in Sources */,
				4280EA7C12E8588600722801 /* Pendulum.cpp in Sources */,
				4280EA7D12E8588600722801 /* util.cpp in Sources */,
			);
			runOnlyForDeploymentPostprocessing = 0;
		};
		8DD76F640486A84900D96B5E /* Sources */ = {
			isa = PBXSourcesBuildPhase;
			buildActionMask = 2147483647;
			files = (
				4280EAAB12E858F400722801 /* maw.cpp in Sources */,
				4280EAAC12E858F400722801 /* MawWorld.cpp in Sources */,
				4280EAAD12E858F400722801 /* DemoApplication.cpp in Sources */,
				4280EAAE12E858F400722801 /* GL_DialogDynamicsWorld.cpp in Sources */,
				4280EAAF12E858F400722801 /* GL_DialogWindow.cpp in Sources */,
				4280EAB012E858F400722801 /* GL_ShapeDrawer.cpp in Sources */,
				4280EAB112E858F400722801 /* GL_Simplex1to4.cpp in Sources */,
				4280EAB212E858F400722801 /* GLDebugDrawer.cpp in Sources */,
				4280EAB312E858F400722801 /* GLDebugFont.cpp in Sources */,
				4280EAB412E858F400722801 /* GlutDemoApplication.cpp in Sources */,
				4280EAB512E858F400722801 /* GlutStuff.cpp in Sources */,
				4280EAB612E858F400722801 /* RenderTexture.cpp in Sources */,
				4280EAB712E858F400722801 /* Win32AppMain.cpp in Sources */,
				4280EAB812E858F400722801 /* Win32DemoApplication.cpp in Sources */,
				4280EAB912E858F400722801 /* Unicycle.cpp in Sources */,
			);
			runOnlyForDeploymentPostprocessing = 0;
		};
/* End PBXSourcesBuildPhase section */

/* Begin XCBuildConfiguration section */
		1DEB923208733DC60010E9CD /* Debug */ = {
			isa = XCBuildConfiguration;
			buildSettings = {
				ALWAYS_SEARCH_USER_PATHS = NO;
				COPY_PHASE_STRIP = NO;
				GCC_DYNAMIC_NO_PIC = NO;
				GCC_ENABLE_FIX_AND_CONTINUE = YES;
				GCC_MODEL_TUNING = G5;
				GCC_OPTIMIZATION_LEVEL = 0;
				INSTALL_PATH = /usr/local/bin;
				LIBRARY_SEARCH_PATHS = ./src/OpenGL;
				PRODUCT_NAME = maw;
			};
			name = Debug;
		};
		1DEB923308733DC60010E9CD /* Release */ = {
			isa = XCBuildConfiguration;
			buildSettings = {
				ALWAYS_SEARCH_USER_PATHS = NO;
				DEBUG_INFORMATION_FORMAT = "dwarf-with-dsym";
				GCC_MODEL_TUNING = G5;
				INSTALL_PATH = /usr/local/bin;
				LIBRARY_SEARCH_PATHS = ./src/OpenGL;
				PRODUCT_NAME = maw;
			};
			name = Release;
		};
		1DEB923608733DC60010E9CD /* Debug */ = {
			isa = XCBuildConfiguration;
			buildSettings = {
				ARCHS = "$(ARCHS_STANDARD_32_64_BIT)";
				GCC_C_LANGUAGE_STANDARD = gnu99;
				GCC_OPTIMIZATION_LEVEL = 0;
				GCC_PREPROCESSOR_DEFINITIONS = "";
				GCC_VERSION = com.apple.compilers.llvm.clang.1_0;
				GCC_WARN_ABOUT_RETURN_TYPE = YES;
				GCC_WARN_EFFECTIVE_CPLUSPLUS_VIOLATIONS = YES;
				GCC_WARN_HIDDEN_VIRTUAL_FUNCTIONS = YES;
				GCC_WARN_NON_VIRTUAL_DESTRUCTOR = YES;
				GCC_WARN_PEDANTIC = YES;
				GCC_WARN_SHADOW = YES;
				GCC_WARN_SIGN_COMPARE = YES;
				GCC_WARN_UNUSED_FUNCTION = YES;
				GCC_WARN_UNUSED_LABEL = YES;
				GCC_WARN_UNUSED_PARAMETER = YES;
				GCC_WARN_UNUSED_VALUE = YES;
				GCC_WARN_UNUSED_VARIABLE = YES;
				HEADER_SEARCH_PATHS = "";
				LIBRARY_SEARCH_PATHS = ./OpenGL;
				ONLY_ACTIVE_ARCH = YES;
				PREBINDING = NO;
				SDKROOT = macosx10.6;
				WARNING_CFLAGS = "";
			};
			name = Debug;
		};
		1DEB923708733DC60010E9CD /* Release */ = {
			isa = XCBuildConfiguration;
			buildSettings = {
				ARCHS = "$(ARCHS_STANDARD_32_64_BIT)";
				GCC_C_LANGUAGE_STANDARD = gnu99;
				GCC_PREPROCESSOR_DEFINITIONS = "";
				GCC_VERSION = com.apple.compilers.llvm.clang.1_0;
				GCC_WARN_ABOUT_RETURN_TYPE = YES;
				GCC_WARN_EFFECTIVE_CPLUSPLUS_VIOLATIONS = YES;
				GCC_WARN_HIDDEN_VIRTUAL_FUNCTIONS = YES;
				GCC_WARN_NON_VIRTUAL_DESTRUCTOR = YES;
				GCC_WARN_PEDANTIC = YES;
				GCC_WARN_SHADOW = YES;
				GCC_WARN_SIGN_COMPARE = YES;
				GCC_WARN_UNUSED_FUNCTION = YES;
				GCC_WARN_UNUSED_LABEL = YES;
				GCC_WARN_UNUSED_PARAMETER = YES;
				GCC_WARN_UNUSED_VALUE = YES;
				GCC_WARN_UNUSED_VARIABLE = YES;
				HEADER_SEARCH_PATHS = "";
				LIBRARY_SEARCH_PATHS = ./OpenGL;
				ONLY_ACTIVE_ARCH = YES;
				PREBINDING = NO;
				SDKROOT = macosx10.6;
				WARNING_CFLAGS = "";
			};
			name = Release;
		};
		425CCE5F127089620025F51D /* Debug */ = {
			isa = XCBuildConfiguration;
			buildSettings = {
				ALWAYS_SEARCH_USER_PATHS = NO;
				COPY_PHASE_STRIP = NO;
				GCC_DYNAMIC_NO_PIC = NO;
				GCC_ENABLE_FIX_AND_CONTINUE = YES;
				GCC_MODEL_TUNING = G5;
				GCC_OPTIMIZATION_LEVEL = 0;
				INSTALL_PATH = /usr/local/bin;
				LIBRARY_SEARCH_PATHS = "";
				PREBINDING = NO;
				PRODUCT_NAME = 2d;
			};
			name = Debug;
		};
		425CCE60127089620025F51D /* Release */ = {
			isa = XCBuildConfiguration;
			buildSettings = {
				ALWAYS_SEARCH_USER_PATHS = NO;
				COPY_PHASE_STRIP = YES;
				DEBUG_INFORMATION_FORMAT = "dwarf-with-dsym";
				GCC_ENABLE_FIX_AND_CONTINUE = NO;
				GCC_MODEL_TUNING = G5;
				INSTALL_PATH = /usr/local/bin;
				LIBRARY_SEARCH_PATHS = "";
				PREBINDING = NO;
				PRODUCT_NAME = 2d;
				ZERO_LINK = NO;
			};
			name = Release;
		};
/* End XCBuildConfiguration section */

/* Begin XCConfigurationList section */
		1DEB923108733DC60010E9CD /* Build configuration list for PBXNativeTarget "maw" */ = {
			isa = XCConfigurationList;
			buildConfigurations = (
				1DEB923208733DC60010E9CD /* Debug */,
				1DEB923308733DC60010E9CD /* Release */,
			);
			defaultConfigurationIsVisible = 0;
			defaultConfigurationName = Release;
		};
		1DEB923508733DC60010E9CD /* Build configuration list for PBXProject "maw" */ = {
			isa = XCConfigurationList;
			buildConfigurations = (
				1DEB923608733DC60010E9CD /* Debug */,
				1DEB923708733DC60010E9CD /* Release */,
			);
			defaultConfigurationIsVisible = 0;
			defaultConfigurationName = Release;
		};
		425CCE63127089910025F51D /* Build configuration list for PBXNativeTarget "2d" */ = {
			isa = XCConfigurationList;
			buildConfigurations = (
				425CCE5F127089620025F51D /* Debug */,
				425CCE60127089620025F51D /* Release */,
			);
			defaultConfigurationIsVisible = 0;
			defaultConfigurationName = Release;
		};
/* End XCConfigurationList section */
	};
	rootObject = 08FB7793FE84155DC02AAC07 /* Project object */;
}
